
Microsoft Visual Studio Solution File, Format Version 12.00
# Visual Studio 15
VisualStudioVersion = 15.0.27428.2015
MinimumVisualStudioVersion = 10.0.40219.1
Project("{FAE04EC0-301F-11D3-BF4B-00C04F79EFBC}") = "Clients", "Clients\Clients.csproj", "{88D294E6-666F-4425-BAE0-53BAB50917C6}"
EndProject
Global
	GlobalSection(SolutionConfigurationPlatforms) = preSolution
		Debug|Any CPU = Debug|Any CPU
		Release|Any CPU = Release|Any CPU
	EndGlobalSection
	GlobalSection(ProjectConfigurationPlatforms) = postSolution
		{88D294E6-666F-4425-BAE0-53BAB50917C6}.Debug|Any CPU.ActiveCfg = Debug|Any CPU
		{88D294E6-666F-4425-BAE0-53BAB50917C6}.Debug|Any CPU.Build.0 = Debug|Any CPU
		{88D294E6-666F-4425-BAE0-53BAB50917C6}.Release|Any CPU.ActiveCfg = Release|Any CPU
		{88D294E6-666F-4425-BAE0-53BAB50917C6}.Release|Any CPU.Build.0 = Release|Any CPU
	EndGlobalSection
	GlobalSection(SolutionProperties) = preSolution
		HideSolutionNode = FALSE
	EndGlobalSection
	GlobalSection(ExtensibilityGlobals) = postSolution
		SolutionGuid = {861F3C82-B808-4DEB-B424-B32E5F13BE5E}
	EndGlobalSection
EndGlobal
